
Microsoft Visual Studio Solution File, Format Version 11.00
# Visual Studio 2010
Project("{D2ABAB84-BF74-430A-B69E-9DC6D40DDA17}") = "SSAS-DM2", "SSAS-DM2.dwproj", "{F1ADACC7-A5EB-4D2B-BD10-7168B65E4C8D}"
EndProject
Global
	GlobalSection(SolutionConfigurationPlatforms) = preSolution
		Development|Default = Development|Default
	EndGlobalSection
	GlobalSection(ProjectConfigurationPlatforms) = postSolution
		{F1ADACC7-A5EB-4D2B-BD10-7168B65E4C8D}.Development|Default.ActiveCfg = Development
		{F1ADACC7-A5EB-4D2B-BD10-7168B65E4C8D}.Development|Default.Build.0 = Development
		{F1ADACC7-A5EB-4D2B-BD10-7168B65E4C8D}.Development|Default.Deploy.0 = Development
	EndGlobalSection
	GlobalSection(SolutionProperties) = preSolution
		HideSolutionNode = FALSE
	EndGlobalSection
EndGlobal
